// !$*UTF8*$!
{
	archiveVersion = 1;
	classes = {
	};
	objectVersion = 56;
	objects = {

/* Begin PBXBuildFile section */
		DD0806BC2B2DE8980081715F /* FirstViewController.swift in Sources */ = {isa = PBXBuildFile; fileRef = DD0806BB2B2DE8980081715F /* FirstViewController.swift */; };
		DD0806BE2B2DE8A70081715F /* SecondViewController.swift in Sources */ = {isa = PBXBuildFile; fileRef = DD0806BD2B2DE8A70081715F /* SecondViewController.swift */; };
		DD0806C02B2DE8B40081715F /* ThirdViewController.swift in Sources */ = {isa = PBXBuildFile; fileRef = DD0806BF2B2DE8B40081715F /* ThirdViewController.swift */; };
		DD0806C22B2DE8C00081715F /* FourthViewController.swift in Sources */ = {isa = PBXBuildFile; fileRef = DD0806C12B2DE8C00081715F /* FourthViewController.swift */; };
		DD0806C42B2DE8D20081715F /* FifthViewController.swift in Sources */ = {isa = PBXBuildFile; fileRef = DD0806C32B2DE8D20081715F /* FifthViewController.swift */; };
		DD0806C62B2DEE540081715F /* LoginViewController.swift in Sources */ = {isa = PBXBuildFile; fileRef = DD0806C52B2DEE540081715F /* LoginViewController.swift */; };
		DDCAEBE32B28A3CA008C8068 /* AppDelegate.swift in Sources */ = {isa = PBXBuildFile; fileRef = DDCAEBE22B28A3CA008C8068 /* AppDelegate.swift */; };
		DDCAEBE52B28A3CA008C8068 /* SceneDelegate.swift in Sources */ = {isa = PBXBuildFile; fileRef = DDCAEBE42B28A3CA008C8068 /* SceneDelegate.swift */; };
		DDCAEBE72B28A3CA008C8068 /* ViewController.swift in Sources */ = {isa = PBXBuildFile; fileRef = DDCAEBE62B28A3CA008C8068 /* ViewController.swift */; };
		DDCAEBEA2B28A3CA008C8068 /* Main.storyboard in Resources */ = {isa = PBXBuildFile; fileRef = DDCAEBE82B28A3CA008C8068 /* Main.storyboard */; };
		DDCAEBEC2B28A3CB008C8068 /* Assets.xcassets in Resources */ = {isa = PBXBuildFile; fileRef = DDCAEBEB2B28A3CB008C8068 /* Assets.xcassets */; };
		DDCAEBEF2B28A3CB008C8068 /* LaunchScreen.storyboard in Resources */ = {isa = PBXBuildFile; fileRef = DDCAEBED2B28A3CB008C8068 /* LaunchScreen.storyboard */; };
/* End PBXBuildFile section */

/* Begin PBXFileReference section */
		DD0806BB2B2DE8980081715F /* FirstViewController.swift */ = {isa = PBXFileReference; lastKnownFileType = sourcecode.swift; path = FirstViewController.swift; sourceTree = "<group>"; };
		DD0806BD2B2DE8A70081715F /* SecondViewController.swift */ = {isa = PBXFileReference; lastKnownFileType = sourcecode.swift; path = SecondViewController.swift; sourceTree = "<group>"; };
		DD0806BF2B2DE8B40081715F /* ThirdViewController.swift */ = {isa = PBXFileReference; lastKnownFileType = sourcecode.swift; path = ThirdViewController.swift; sourceTree = "<group>"; };
		DD0806C12B2DE8C00081715F /* FourthViewController.swift */ = {isa = PBXFileReference; lastKnownFileType = sourcecode.swift; path = FourthViewController.swift; sourceTree = "<group>"; };
		DD0806C32B2DE8D20081715F /* FifthViewController.swift */ = {isa = PBXFileReference; lastKnownFileType = sourcecode.swift; path = FifthViewController.swift; sourceTree = "<group>"; };
		DD0806C52B2DEE540081715F /* LoginViewController.swift */ = {isa = PBXFileReference; lastKnownFileType = sourcecode.swift; path = LoginViewController.swift; sourceTree = "<group>"; };
		DDCAEBDF2B28A3CA008C8068 /* CodeBaseNavTab.app */ = {isa = PBXFileReference; explicitFileType = wrapper.application; includeInIndex = 0; path = CodeBaseNavTab.app; sourceTree = BUILT_PRODUCTS_DIR; };
		DDCAEBE22B28A3CA008C8068 /* AppDelegate.swift */ = {isa = PBXFileReference; lastKnownFileType = sourcecode.swift; path = AppDelegate.swift; sourceTree = "<group>"; };
		DDCAEBE42B28A3CA008C8068 /* SceneDelegate.swift */ = {isa = PBXFileReference; lastKnownFileType = sourcecode.swift; path = SceneDelegate.swift; sourceTree = "<group>"; };
		DDCAEBE62B28A3CA008C8068 /* ViewController.swift */ = {isa = PBXFileReference; lastKnownFileType = sourcecode.swift; path = ViewController.swift; sourceTree = "<group>"; };
		DDCAEBE92B28A3CA008C8068 /* Base */ = {isa = PBXFileReference; lastKnownFileType = file.storyboard; name = Base; path = Base.lproj/Main.storyboard; sourceTree = "<group>"; };
		DDCAEBEB2B28A3CB008C8068 /* Assets.xcassets */ = {isa = PBXFileReference; lastKnownFileType = folder.assetcatalog; path = Assets.xcassets; sourceTree = "<group>"; };
		DDCAEBEE2B28A3CB008C8068 /* Base */ = {isa = PBXFileReference; lastKnownFileType = file.storyboard; name = Base; path = Base.lproj/LaunchScreen.storyboard; sourceTree = "<group>"; };
		DDCAEBF02B28A3CB008C8068 /* Info.plist */ = {isa = PBXFileReference; lastKnownFileType = text.plist.xml; path = Info.plist; sourceTree = "<group>"; };
/* End PBXFileReference section */

/* Begin PBXFrameworksBuildPhase section */
		DDCAEBDC2B28A3CA008C8068 /* Frameworks */ = {
			isa = PBXFrameworksBuildPhase;
			buildActionMask = 2147483647;
			files = (
			);
			runOnlyForDeploymentPostprocessing = 0;
		};
/* End PBXFrameworksBuildPhase section */

/* Begin PBXGroup section */
		DDCAEBD62B28A3CA008C8068 = {
			isa = PBXGroup;
			children = (
				DDCAEBE12B28A3CA008C8068 /* CodeBaseNavTab */,
				DDCAEBE02B28A3CA008C8068 /* Products */,
			);
			sourceTree = "<group>";
		};
		DDCAEBE02B28A3CA008C8068 /* Products */ = {
			isa = PBXGroup;
			children = (
				DDCAEBDF2B28A3CA008C8068 /* CodeBaseNavTab.app */,
			);
			name = Products;
			sourceTree = "<group>";
		};
		DDCAEBE12B28A3CA008C8068 /* CodeBaseNavTab */ = {
			isa = PBXGroup;
			children = (
				DDCAEBE22B28A3CA008C8068 /* AppDelegate.swift */,
				DDCAEBE42B28A3CA008C8068 /* SceneDelegate.swift */,
				DDCAEBE62B28A3CA008C8068 /* ViewController.swift */,
				DD0806C52B2DEE540081715F /* LoginViewController.swift */,
				DD0806BB2B2DE8980081715F /* FirstViewController.swift */,
				DD0806BD2B2DE8A70081715F /* SecondViewController.swift */,
				DD0806BF2B2DE8B40081715F /* ThirdViewController.swift */,
				DD0806C12B2DE8C00081715F /* FourthViewController.swift */,
				DD0806C32B2DE8D20081715F /* FifthViewController.swift */,
				DDCAEBE82B28A3CA008C8068 /* Main.storyboard */,
				DDCAEBEB2B28A3CB008C8068 /* Assets.xcassets */,
				DDCAEBED2B28A3CB008C8068 /* LaunchScreen.storyboard */,
				DDCAEBF02B28A3CB008C8068 /* Info.plist */,
			);
			path = CodeBaseNavTab;
			sourceTree = "<group>";
		};
/* End PBXGroup section */

/* Begin PBXNativeTarget section */
		DDCAEBDE2B28A3CA008C8068 /* CodeBaseNavTab */ = {
			isa = PBXNativeTarget;
			buildConfigurationList = DDCAEBF32B28A3CB008C8068 /* Build configuration list for PBXNativeTarget "CodeBaseNavTab" */;
			buildPhases = (
				DDCAEBDB2B28A3CA008C8068 /* Sources */,
				DDCAEBDC2B28A3CA008C8068 /* Frameworks */,
				DDCAEBDD2B28A3CA008C8068 /* Resources */,
			);
			buildRules = (
			);
			dependencies = (
			);
			name = CodeBaseNavTab;
			productName = CodeBaseNavTab;
			productReference = DDCAEBDF2B28A3CA008C8068 /* CodeBaseNavTab.app */;
			productType = "com.apple.product-type.application";
		};
/* End PBXNativeTarget section */

/* Begin PBXProject section */
		DDCAEBD72B28A3CA008C8068 /* Project object */ = {
			isa = PBXProject;
			attributes = {
				BuildIndependentTargetsInParallel = 1;
				LastSwiftUpdateCheck = 1420;
				LastUpgradeCheck = 1420;
				TargetAttributes = {
					DDCAEBDE2B28A3CA008C8068 = {
						CreatedOnToolsVersion = 14.2;
					};
				};
			};
			buildConfigurationList = DDCAEBDA2B28A3CA008C8068 /* Build configuration list for PBXProject "CodeBaseNavTab" */;
			compatibilityVersion = "Xcode 14.0";
			developmentRegion = en;
			hasScannedForEncodings = 0;
			knownRegions = (
				en,
				Base,
			);
			mainGroup = DDCAEBD62B28A3CA008C8068;
			productRefGroup = DDCAEBE02B28A3CA008C8068 /* Products */;
			projectDirPath = "";
			projectRoot = "";
			targets = (
				DDCAEBDE2B28A3CA008C8068 /* CodeBaseNavTab */,
			);
		};
/* End PBXProject section */

/* Begin PBXResourcesBuildPhase section */
		DDCAEBDD2B28A3CA008C8068 /* Resources */ = {
			isa = PBXResourcesBuildPhase;
			buildActionMask = 2147483647;
			files = (
				DDCAEBEF2B28A3CB008C8068 /* LaunchScreen.storyboard in Resources */,
				DDCAEBEC2B28A3CB008C8068 /* Assets.xcassets in Resources */,
				DDCAEBEA2B28A3CA008C8068 /* Main.storyboard in Resources */,
			);
			runOnlyForDeploymentPostprocessing = 0;
		};
/* End PBXResourcesBuildPhase section */

/* Begin PBXSourcesBuildPhase section */
		DDCAEBDB2B28A3CA008C8068 /* Sources */ = {
			isa = PBXSourcesBuildPhase;
			buildActionMask = 2147483647;
			files = (
				DD0806C62B2DEE540081715F /* LoginViewController.swift in Sources */,
				DDCAEBE72B28A3CA008C8068 /* ViewController.swift in Sources */,
				DDCAEBE32B28A3CA008C8068 /* AppDelegate.swift in Sources */,
				DDCAEBE52B28A3CA008C8068 /* SceneDelegate.swift in Sources */,
				DD0806C22B2DE8C00081715F /* FourthViewController.swift in Sources */,
				DD0806C42B2DE8D20081715F /* FifthViewController.swift in Sources */,
				DD0806BE2B2DE8A70081715F /* SecondViewController.swift in Sources */,
				DD0806C02B2DE8B40081715F /* ThirdViewController.swift in Sources */,
				DD0806BC2B2DE8980081715F /* FirstViewController.swift in Sources */,
			);
			runOnlyForDeploymentPostprocessing = 0;
		};
/* End PBXSourcesBuildPhase section */

/* Begin PBXVariantGroup section */
		DDCAEBE82B28A3CA008C8068 /* Main.storyboard */ = {
			isa = PBXVariantGroup;
			children = (
				DDCAEBE92B28A3CA008C8068 /* Base */,
			);
			name = Main.storyboard;
			sourceTree = "<group>";
		};
		DDCAEBED2B28A3CB008C8068 /* LaunchScreen.storyboard */ = {
			isa = PBXVariantGroup;
			children = (
				DDCAEBEE2B28A3CB008C8068 /* Base */,
			);
			name = LaunchScreen.storyboard;
			sourceTree = "<group>";
		};
/* End PBXVariantGroup section */

/* Begin XCBuildConfiguration section */
		DDCAEBF12B28A3CB008C8068 /* Debug */ = {
			isa = XCBuildConfiguration;
			buildSettings = {
				ALWAYS_SEARCH_USER_PATHS = NO;
				CLANG_ANALYZER_NONNULL = YES;
				CLANG_ANALYZER_NUMBER_OBJECT_CONVERSION = YES_AGGRESSIVE;
				CLANG_CXX_LANGUAGE_STANDARD = "gnu++20";
				CLANG_ENABLE_MODULES = YES;
				CLANG_ENABLE_OBJC_ARC = YES;
				CLANG_ENABLE_OBJC_WEAK = YES;
				CLANG_WARN_BLOCK_CAPTURE_AUTORELEASING = YES;
				CLANG_WARN_BOOL_CONVERSION = YES;
				CLANG_WARN_COMMA = YES;
				CLANG_WARN_CONSTANT_CONVERSION = YES;
				CLANG_WARN_DEPRECATED_OBJC_IMPLEMENTATIONS = YES;
				CLANG_WARN_DIRECT_OBJC_ISA_USAGE = YES_ERROR;
				CLANG_WARN_DOCUMENTATION_COMMENTS = YES;
				CLANG_WARN_EMPTY_BODY = YES;
				CLANG_WARN_ENUM_CONVERSION = YES;
				CLANG_WARN_INFINITE_RECURSION = YES;
				CLANG_WARN_INT_CONVERSION = YES;
				CLANG_WARN_NON_LITERAL_NULL_CONVERSION = YES;
				CLANG_WARN_OBJC_IMPLICIT_RETAIN_SELF = YES;
				CLANG_WARN_OBJC_LITERAL_CONVERSION = YES;
				CLANG_WARN_OBJC_ROOT_CLASS = YES_ERROR;
				CLANG_WARN_QUOTED_INCLUDE_IN_FRAMEWORK_HEADER = YES;
				CLANG_WARN_RANGE_LOOP_ANALYSIS = YES;
				CLANG_WARN_STRICT_PROTOTYPES = YES;
				CLANG_WARN_SUSPICIOUS_MOVE = YES;
				CLANG_WARN_UNGUARDED_AVAILABILITY = YES_AGGRESSIVE;
				CLANG_WARN_UNREACHABLE_CODE = YES;
				CLANG_WARN__DUPLICATE_METHOD_MATCH = YES;
				COPY_PHASE_STRIP = NO;
				DEBUG_INFORMATION_FORMAT = dwarf;
				ENABLE_STRICT_OBJC_MSGSEND = YES;
				ENABLE_TESTABILITY = YES;
				GCC_C_LANGUAGE_STANDARD = gnu11;
				GCC_DYNAMIC_NO_PIC = NO;
				GCC_NO_COMMON_BLOCKS = YES;
				GCC_OPTIMIZATION_LEVEL = 0;
				GCC_PREPROCESSOR_DEFINITIONS = (
					"DEBUG=1",
					"$(inherited)",
				);
				GCC_WARN_64_TO_32_BIT_CONVERSION = YES;
				GCC_WARN_ABOUT_RETURN_TYPE = YES_ERROR;
				GCC_WARN_UNDECLARED_SELECTOR = YES;
				GCC_WARN_UNINITIALIZED_AUTOS = YES_AGGRESSIVE;
				GCC_WARN_UNUSED_FUNCTION = YES;
				GCC_WARN_UNUSED_VARIABLE = YES;
				IPHONEOS_DEPLOYMENT_TARGET = 16.2;
				MTL_ENABLE_DEBUG_INFO = INCLUDE_SOURCE;
				MTL_FAST_MATH = YES;
				ONLY_ACTIVE_ARCH = YES;
				SDKROOT = iphoneos;
				SWIFT_ACTIVE_COMPILATION_CONDITIONS = DEBUG;
				SWIFT_OPTIMIZATION_LEVEL = "-Onone";
			};
			name = Debug;
		};
		DDCAEBF22B28A3CB008C8068 /* Release */ = {
			isa = XCBuildConfiguration;
			buildSettings = {
				ALWAYS_SEARCH_USER_PATHS = NO;
				CLANG_ANALYZER_NONNULL = YES;
				CLANG_ANALYZER_NUMBER_OBJECT_CONVERSION = YES_AGGRESSIVE;
				CLANG_CXX_LANGUAGE_STANDARD = "gnu++20";
				CLANG_ENABLE_MODULES = YES;
				CLANG_ENABLE_OBJC_ARC = YES;
				CLANG_ENABLE_OBJC_WEAK = YES;
				CLANG_WARN_BLOCK_CAPTURE_AUTORELEASING = YES;
				CLANG_WARN_BOOL_CONVERSION = YES;
				CLANG_WARN_COMMA = YES;
				CLANG_WARN_CONSTANT_CONVERSION = YES;
				CLANG_WARN_DEPRECATED_OBJC_IMPLEMENTATIONS = YES;
				CLANG_WARN_DIRECT_OBJC_ISA_USAGE = YES_ERROR;
				CLANG_WARN_DOCUMENTATION_COMMENTS = YES;
				CLANG_WARN_EMPTY_BODY = YES;
				CLANG_WARN_ENUM_CONVERSION = YES;
				CLANG_WARN_INFINITE_RECURSION = YES;
				CLANG_WARN_INT_CONVERSION = YES;
				CLANG_WARN_NON_LITERAL_NULL_CONVERSION = YES;
				CLANG_WARN_OBJC_IMPLICIT_RETAIN_SELF = YES;
				CLANG_WARN_OBJC_LITERAL_CONVERSION = YES;
				CLANG_WARN_OBJC_ROOT_CLASS = YES_ERROR;
				CLANG_WARN_QUOTED_INCLUDE_IN_FRAMEWORK_HEADER = YES;
				CLANG_WARN_RANGE_LOOP_ANALYSIS = YES;
				CLANG_WARN_STRICT_PROTOTYPES = YES;
				CLANG_WARN_SUSPICIOUS_MOVE = YES;
				CLANG_WARN_UNGUARDED_AVAILABILITY = YES_AGGRESSIVE;
				CLANG_WARN_UNREACHABLE_CODE = YES;
				CLANG_WARN__DUPLICATE_METHOD_MATCH = YES;
				COPY_PHASE_STRIP = NO;
				DEBUG_INFORMATION_FORMAT = "dwarf-with-dsym";
				ENABLE_NS_ASSERTIONS = NO;
				ENABLE_STRICT_OBJC_MSGSEND = YES;
				GCC_C_LANGUAGE_STANDARD = gnu11;
				GCC_NO_COMMON_BLOCKS = YES;
				GCC_WARN_64_TO_32_BIT_CONVERSION = YES;
				GCC_WARN_ABOUT_RETURN_TYPE = YES_ERROR;
				GCC_WARN_UNDECLARED_SELECTOR = YES;
				GCC_WARN_UNINITIALIZED_AUTOS = YES_AGGRESSIVE;
				GCC_WARN_UNUSED_FUNCTION = YES;
				GCC_WARN_UNUSED_VARIABLE = YES;
				IPHONEOS_DEPLOYMENT_TARGET = 16.2;
				MTL_ENABLE_DEBUG_INFO = NO;
				MTL_FAST_MATH = YES;
				SDKROOT = iphoneos;
				SWIFT_COMPILATION_MODE = wholemodule;
				SWIFT_OPTIMIZATION_LEVEL = "-O";
				VALIDATE_PRODUCT = YES;
			};
			name = Release;
		};
		DDCAEBF42B28A3CB008C8068 /* Debug */ = {
			isa = XCBuildConfiguration;
			buildSettings = {
				ASSETCATALOG_COMPILER_APPICON_NAME = AppIcon;
				ASSETCATALOG_COMPILER_GLOBAL_ACCENT_COLOR_NAME = AccentColor;
				CODE_SIGN_STYLE = Automatic;
				CURRENT_PROJECT_VERSION = 1;
				DEVELOPMENT_TEAM = M43VAB7Q75;
				GENERATE_INFOPLIST_FILE = YES;
				INFOPLIST_FILE = CodeBaseNavTab/Info.plist;
				INFOPLIST_KEY_UIApplicationSupportsIndirectInputEvents = YES;
				INFOPLIST_KEY_UILaunchStoryboardName = LaunchScreen;
				INFOPLIST_KEY_UIMainStoryboardFile = Main;
				INFOPLIST_KEY_UISupportedInterfaceOrientations_iPad = "UIInterfaceOrientationPortrait UIInterfaceOrientationPortraitUpsideDown UIInterfaceOrientationLandscapeLeft UIInterfaceOrientationLandscapeRight";
				INFOPLIST_KEY_UISupportedInterfaceOrientations_iPhone = "UIInterfaceOrientationPortrait UIInterfaceOrientationLandscapeLeft UIInterfaceOrientationLandscapeRight";
				IPHONEOS_DEPLOYMENT_TARGET = 13.0;
				LD_RUNPATH_SEARCH_PATHS = (
					"$(inherited)",
					"@executable_path/Frameworks",
				);
				MARKETING_VERSION = 1.0;
				PRODUCT_BUNDLE_IDENTIFIER = com.woochan.CodeBaseNavTab;
				PRODUCT_NAME = "$(TARGET_NAME)";
				SUPPORTED_PLATFORMS = "iphoneos iphonesimulator";
				SUPPORTS_MACCATALYST = NO;
				SUPPORTS_MAC_DESIGNED_FOR_IPHONE_IPAD = YES;
				SWIFT_EMIT_LOC_STRINGS = YES;
				SWIFT_VERSION = 5.0;
				TARGETED_DEVICE_FAMILY = 1;
			};
			name = Debug;
		};
		DDCAEBF52B28A3CB008C8068 /* Release */ = {
			isa = XCBuildConfiguration;
			buildSettings = {
				ASSETCATALOG_COMPILER_APPICON_NAME = AppIcon;
				ASSETCATALOG_COMPILER_GLOBAL_ACCENT_COLOR_NAME = AccentColor;
				CODE_SIGN_STYLE = Automatic;
				CURRENT_PROJECT_VERSION = 1;
				DEVELOPMENT_TEAM = M43VAB7Q75;
				GENERATE_INFOPLIST_FILE = YES;
				INFOPLIST_FILE = CodeBaseNavTab/Info.plist;
				INFOPLIST_KEY_UIApplicationSupportsIndirectInputEvents = YES;
				INFOPLIST_KEY_UILaunchStoryboardName = LaunchScreen;
				INFOPLIST_KEY_UIMainStoryboardFile = Main;
				INFOPLIST_KEY_UISupportedInterfaceOrientations_iPad = "UIInterfaceOrientationPortrait UIInterfaceOrientationPortraitUpsideDown UIInterfaceOrientationLandscapeLeft UIInterfaceOrientationLandscapeRight";
				INFOPLIST_KEY_UISupportedInterfaceOrientations_iPhone = "UIInterfaceOrientationPortrait UIInterfaceOrientationLandscapeLeft UIInterfaceOrientationLandscapeRight";
				IPHONEOS_DEPLOYMENT_TARGET = 13.0;
				LD_RUNPATH_SEARCH_PATHS = (
					"$(inherited)",
					"@executable_path/Frameworks",
				);
				MARKETING_VERSION = 1.0;
				PRODUCT_BUNDLE_IDENTIFIER = com.woochan.CodeBaseNavTab;
				PRODUCT_NAME = "$(TARGET_NAME)";
				SUPPORTED_PLATFORMS = "iphoneos iphonesimulator";
				SUPPORTS_MACCATALYST = NO;
				SUPPORTS_MAC_DESIGNED_FOR_IPHONE_IPAD = YES;
				SWIFT_EMIT_LOC_STRINGS = YES;
				SWIFT_VERSION = 5.0;
				TARGETED_DEVICE_FAMILY = 1;
			};
			name = Release;
		};
/* End XCBuildConfiguration section */

/* Begin XCConfigurationList section */
		DDCAEBDA2B28A3CA008C8068 /* Build configuration list for PBXProject "CodeBaseNavTab" */ = {
			isa = XCConfigurationList;
			buildConfigurations = (
				DDCAEBF12B28A3CB008C8068 /* Debug */,
				DDCAEBF22B28A3CB008C8068 /* Release */,
			);
			defaultConfigurationIsVisible = 0;
			defaultConfigurationName = Release;
		};
		DDCAEBF32B28A3CB008C8068 /* Build configuration list for PBXNativeTarget "CodeBaseNavTab" */ = {
			isa = XCConfigurationList;
			buildConfigurations = (
				DDCAEBF42B28A3CB008C8068 /* Debug */,
				DDCAEBF52B28A3CB008C8068 /* Release */,
			);
			defaultConfigurationIsVisible = 0;
			defaultConfigurationName = Release;
		};
/* End XCConfigurationList section */
	};
	rootObject = DDCAEBD72B28A3CA008C8068 /* Project object */;
}
